
Microsoft Visual Studio Solution File, Format Version 12.00
# Visual Studio Version 17
VisualStudioVersion = 17.7.34221.43
MinimumVisualStudioVersion = 10.0.40219.1
Project("{FAE04EC0-301F-11D3-BF4B-00C04F79EFBC}") = "WinFormsApp3", "WinFormsApp3\WinFormsApp3.csproj", "{0A25F067-6673-4702-94D9-8DCE07318CA4}"
EndProject
Global
	GlobalSection(SolutionConfigurationPlatforms) = preSolution
		Debug|Any CPU = Debug|Any CPU
		Release|Any CPU = Release|Any CPU
	EndGlobalSection
	GlobalSection(ProjectConfigurationPlatforms) = postSolution
		{0A25F067-6673-4702-94D9-8DCE07318CA4}.Debug|Any CPU.ActiveCfg = Debug|Any CPU
		{0A25F067-6673-4702-94D9-8DCE07318CA4}.Debug|Any CPU.Build.0 = Debug|Any CPU
		{0A25F067-6673-4702-94D9-8DCE07318CA4}.Release|Any CPU.ActiveCfg = Release|Any CPU
		{0A25F067-6673-4702-94D9-8DCE07318CA4}.Release|Any CPU.Build.0 = Release|Any CPU
	EndGlobalSection
	GlobalSection(SolutionProperties) = preSolution
		HideSolutionNode = FALSE
	EndGlobalSection
	GlobalSection(ExtensibilityGlobals) = postSolution
		SolutionGuid = {BAA9882E-1046-4707-B26C-05527CAE7CB7}
	EndGlobalSection
EndGlobal
